{
    "_readme": [
        "This file locks the dependencies of your project to a known state",
        "Read more about it at https://getcomposer.org/doc/01-basic-usage.md#composer-lock-the-lock-file",
        "This file is @generated automatically"
    ],
    "hash": "272e2e9139b4ab950ab78c12b09200e3",
    "packages": [
        {
            "name": "bower-asset/datatables",
            "version": "1.10.9",
            "source": {
                "type": "git",
                "url": "https://github.com/DataTables/DataTables.git",
                "reference": "b1bca78111d679b20cdee118292a1e4220f46b2a"
            },
            "dist": {
                "type": "zip",
                "url": "https://api.github.com/repos/DataTables/DataTables/zipball/b1bca78111d679b20cdee118292a1e4220f46b2a",
                "reference": "b1bca78111d679b20cdee118292a1e4220f46b2a",
                "shasum": ""
            },
            "require": {
                "bower-asset/jquery": ">=1.7.0"
            },
            "type": "bower-asset-library",
            "extra": {
                "bower-asset-main": [
                    "media/js/jquery.dataTables.js",
                    "media/css/jquery.dataTables.css",
                    "media/images/sort_asc.png",
                    "media/images/sort_asc_disabled.png",
                    "media/images/sort_both.png",
                    "media/images/sort_desc.png",
                    "media/images/sort_desc_disabled.png"
                ],
                "bower-asset-ignore": [
                    "/.*",
                    "examples",
                    "media/unit_testing",
                    "composer.json",
                    "dataTables.jquery.json",
                    "package.json"
                ]
            },
            "license": [
                "MIT"
            ],
            "keywords": [
                "datatables",
                "javascript",
                "jquery",
                "library",
                "table"
            ]
        },
        {
            "name": "bower-asset/drmonty-datatables-plugins",
            "version": "1.10.9",
            "source": {
                "type": "git",
                "url": "https://github.com/drmonty/datatables-plugins.git",
                "reference": "7754cfdeef135f7a1cf681f62c9b94d5f5e553c9"
            },
            "dist": {
                "type": "zip",
                "url": "https://api.github.com/repos/drmonty/datatables-plugins/zipball/7754cfdeef135f7a1cf681f62c9b94d5f5e553c9",
                "reference": "7754cfdeef135f7a1cf681f62c9b94d5f5e553c9",
                "shasum": ""
            },
            "require": {
                "bower-asset/jquery": ">=1.7"
            },
            "type": "bower-asset-library",
            "extra": {
                "bower-asset-main": "main.js",
                "bower-asset-ignore": [
                    "component.json",
                    "package.json",
                    "composer.json"
                ]
            },
            "description": "Plug-ins for DataTables"
        },
        {
            "name": "bower-asset/jquery",
            "version": "2.1.4",
            "source": {
                "type": "git",
                "url": "https://github.com/jquery/jquery.git",
                "reference": "7751e69b615c6eca6f783a81e292a55725af6b85"
            },
            "dist": {
                "type": "zip",
                "url": "https://api.github.com/repos/jquery/jquery/zipball/7751e69b615c6eca6f783a81e292a55725af6b85",
                "reference": "7751e69b615c6eca6f783a81e292a55725af6b85",
                "shasum": ""
            },
            "require-dev": {
                "bower-asset/qunit": "1.14.0",
                "bower-asset/requirejs": "2.1.10",
                "bower-asset/sinon": "1.8.1",
                "bower-asset/sizzle": "2.1.1-patch2"
            },
            "type": "bower-asset-library",
            "extra": {
                "bower-asset-main": "dist/jquery.js",
                "bower-asset-ignore": [
                    "**/.*",
                    "build",
                    "dist/cdn",
                    "speed",
                    "test",
                    "*.md",
                    "AUTHORS.txt",
                    "Gruntfile.js",
                    "package.json"
                ]
            },
            "license": [
                "MIT"
            ],
            "keywords": [
                "javascript",
                "jquery",
                "library"
            ]
        },
        {
            "name": "bower-asset/moment",
            "version": "2.10.6",
            "source": {
                "type": "git",
                "url": "https://github.com/moment/moment.git",
                "reference": "f3fbef9d9875bbff340b527dbe3f1c447a942f69"
            },
            "dist": {
                "type": "zip",
                "url": "https://api.github.com/repos/moment/moment/zipball/f3fbef9d9875bbff340b527dbe3f1c447a942f69",
                "reference": "f3fbef9d9875bbff340b527dbe3f1c447a942f69",
                "shasum": ""
            },
            "type": "bower-asset-library",
            "extra": {
                "bower-asset-main": "moment.js",
                "bower-asset-ignore": [
                    "**/.*",
                    "benchmarks",
                    "bower_components",
                    "meteor",
                    "node_modules",
                    "scripts",
                    "tasks",
                    "test",
                    "component.json",
                    "composer.json",
                    "CONTRIBUTING.md",
                    "ender.js",
                    "Gruntfile.js",
                    "Moment.js.nuspec",
                    "package.js",
                    "package.json"
                ]
            }
        },
        {
            "name": "sam-it/yii1-datatables",
            "version": "v1.0.0",
            "source": {
                "type": "git",
                "url": "https://github.com/SAM-IT/yii1-datatables.git",
                "reference": "b4f741e1038b433a4635453a0a238f4a241a5ffb"
            },
            "dist": {
                "type": "zip",
                "url": "https://api.github.com/repos/SAM-IT/yii1-datatables/zipball/b4f741e1038b433a4635453a0a238f4a241a5ffb",
                "reference": "b4f741e1038b433a4635453a0a238f4a241a5ffb",
                "shasum": ""
            },
            "require": {
                "bower-asset/datatables": "^1.10.0",
                "bower-asset/drmonty-datatables-plugins": "^1.0",
                "bower-asset/moment": "^2.0",
                "php": ">=5.4.0"
            },
            "type": "library",
            "autoload": {
                "psr-4": {
                    "SamIT\\Yii1\\DataTables\\": "src/"
                }
            },
            "notification-url": "https://packagist.org/downloads/",
            "license": [
                "MIT"
            ],
            "authors": [
                {
                    "name": "Sam Mousa",
                    "email": "sam@mousa.nl"
                }
            ],
            "description": "Yii widget wrapper for DataTables",
            "time": "2015-10-27 15:49:31"
        }
    ],
    "packages-dev": [],
    "aliases": [],
    "minimum-stability": "stable",
    "stability-flags": [],
    "prefer-stable": false,
    "prefer-lowest": false,
    "platform": [],
    "platform-dev": []
}
